
Microsoft Visual Studio Solution File, Format Version 12.00
# Visual Studio Version 16
VisualStudioVersion = 16.0.29409.12
MinimumVisualStudioVersion = 10.0.40219.1
Project("{FAE04EC0-301F-11D3-BF4B-00C04F79EFBC}") = "DCP-004", "DCP-004\DCP-004.csproj", "{478AC0BD-72F0-47D9-BC06-670DB592D228}"
EndProject
Global
	GlobalSection(SolutionConfigurationPlatforms) = preSolution
		Debug|Any CPU = Debug|Any CPU
		Release|Any CPU = Release|Any CPU
	EndGlobalSection
	GlobalSection(ProjectConfigurationPlatforms) = postSolution
		{478AC0BD-72F0-47D9-BC06-670DB592D228}.Debug|Any CPU.ActiveCfg = Debug|Any CPU
		{478AC0BD-72F0-47D9-BC06-670DB592D228}.Debug|Any CPU.Build.0 = Debug|Any CPU
		{478AC0BD-72F0-47D9-BC06-670DB592D228}.Release|Any CPU.ActiveCfg = Release|Any CPU
		{478AC0BD-72F0-47D9-BC06-670DB592D228}.Release|Any CPU.Build.0 = Release|Any CPU
	EndGlobalSection
	GlobalSection(SolutionProperties) = preSolution
		HideSolutionNode = FALSE
	EndGlobalSection
	GlobalSection(ExtensibilityGlobals) = postSolution
		SolutionGuid = {6F40F40F-4DA5-4BBF-B696-25C9BEBB3754}
	EndGlobalSection
EndGlobal
