
Microsoft Visual Studio Solution File, Format Version 12.00
# Visual Studio Version 16
VisualStudioVersion = 16.0.29409.12
MinimumVisualStudioVersion = 10.0.40219.1
Project("{FAE04EC0-301F-11D3-BF4B-00C04F79EFBC}") = "DCP-011", "DCP-011\DCP-011.csproj", "{FBD0793E-37ED-4727-93E1-D13461E55189}"
EndProject
Global
	GlobalSection(SolutionConfigurationPlatforms) = preSolution
		Debug|Any CPU = Debug|Any CPU
		Release|Any CPU = Release|Any CPU
	EndGlobalSection
	GlobalSection(ProjectConfigurationPlatforms) = postSolution
		{FBD0793E-37ED-4727-93E1-D13461E55189}.Debug|Any CPU.ActiveCfg = Debug|Any CPU
		{FBD0793E-37ED-4727-93E1-D13461E55189}.Debug|Any CPU.Build.0 = Debug|Any CPU
		{FBD0793E-37ED-4727-93E1-D13461E55189}.Release|Any CPU.ActiveCfg = Release|Any CPU
		{FBD0793E-37ED-4727-93E1-D13461E55189}.Release|Any CPU.Build.0 = Release|Any CPU
	EndGlobalSection
	GlobalSection(SolutionProperties) = preSolution
		HideSolutionNode = FALSE
	EndGlobalSection
	GlobalSection(ExtensibilityGlobals) = postSolution
		SolutionGuid = {6D501003-11AF-4C64-8DED-14AB2BB1A2BA}
	EndGlobalSection
EndGlobal
